
Microsoft Visual Studio Solution File, Format Version 12.00
# Visual Studio Version 17
VisualStudioVersion = 17.8.34330.188
MinimumVisualStudioVersion = 10.0.40219.1
Project("{FAE04EC0-301F-11D3-BF4B-00C04F79EFBC}") = "ConsoleApp21", "ConsoleApp21\ConsoleApp21.csproj", "{D21BB571-0210-4FB4-8AB8-CE5E815C5098}"
EndProject
Global
	GlobalSection(SolutionConfigurationPlatforms) = preSolution
		Debug|Any CPU = Debug|Any CPU
		Release|Any CPU = Release|Any CPU
	EndGlobalSection
	GlobalSection(ProjectConfigurationPlatforms) = postSolution
		{D21BB571-0210-4FB4-8AB8-CE5E815C5098}.Debug|Any CPU.ActiveCfg = Debug|Any CPU
		{D21BB571-0210-4FB4-8AB8-CE5E815C5098}.Debug|Any CPU.Build.0 = Debug|Any CPU
		{D21BB571-0210-4FB4-8AB8-CE5E815C5098}.Release|Any CPU.ActiveCfg = Release|Any CPU
		{D21BB571-0210-4FB4-8AB8-CE5E815C5098}.Release|Any CPU.Build.0 = Release|Any CPU
	EndGlobalSection
	GlobalSection(SolutionProperties) = preSolution
		HideSolutionNode = FALSE
	EndGlobalSection
	GlobalSection(ExtensibilityGlobals) = postSolution
		SolutionGuid = {704714B2-EFD2-4DA8-AA61-024DF2FC5A56}
	EndGlobalSection
EndGlobal
